hash: ef0e42ee6eed4b21abc2cabdd3897ad66954962cac25f0ca0fa63c041758d256
updated: 2018-03-16T14:48:42.652118658+01:00
imports:
- name: github.com/go-redis/redis
  version: 877867d2845fbaf86798befe410b6ceb6f5c29a3
  subpackages:
  - internal
  - internal/consistenthash
  - internal/hashtag
  - internal/pool
  - internal/proto
  - internal/singleflight
  - internal/util
- name: gopkg.in/gographics/imagick.v2
  version: 589a8ef16fd4f08a29ad26afe5c33fb5673e4efc
  subpackages:
  - imagick
  - imagick/types
testImports: []
