hash: 2c515c806a97d3d8ec63b3c01acbedf214ae1b3750abd9f0b85f1e872412c236
updated: 2018-03-17T03:14:04.934337932+01:00
imports:
- name: github.com/go-redis/redis
  version: 877867d2845fbaf86798befe410b6ceb6f5c29a3
  subpackages:
  - internal
  - internal/consistenthash
  - internal/hashtag
  - internal/pool
  - internal/proto
  - internal/singleflight
  - internal/util
- name: gopkg.in/gographics/imagick.v2
  version: 589a8ef16fd4f08a29ad26afe5c33fb5673e4efc
  subpackages:
  - imagick
  - imagick/types
testImports: []
